// !$*UTF8*$!
{
	archiveVersion = 1;
	classes = {
	};
	objectVersion = 56;
	objects = {

/* Begin PBXBuildFile section */
		DB52773A296CAE780082060C /* secondWorkoutApp.swift in Sources */ = {isa = PBXBuildFile; fileRef = DB527739296CAE780082060C /* secondWorkoutApp.swift */; };
		DB52773C296CAE780082060C /* ContentView.swift in Sources */ = {isa = PBXBuildFile; fileRef = DB52773B296CAE780082060C /* ContentView.swift */; };
		DB52773E296CAE790082060C /* Assets.xcassets in Resources */ = {isa = PBXBuildFile; fileRef = DB52773D296CAE790082060C /* Assets.xcassets */; };
		DB527741296CAE790082060C /* Preview Assets.xcassets in Resources */ = {isa = PBXBuildFile; fileRef = DB527740296CAE790082060C /* Preview Assets.xcassets */; };
		DBB5F90929784C7D0089AA1E /* FirebaseAuth in Frameworks */ = {isa = PBXBuildFile; productRef = DBB5F90829784C7D0089AA1E /* FirebaseAuth */; };
		DBB78F672977478900C76363 /* GoogleService-Info.plist in Resources */ = {isa = PBXBuildFile; fileRef = DBB78F662977478900C76363 /* GoogleService-Info.plist */; };
		DBB78F6A297748A200C76363 /* FirebaseAnalytics in Frameworks */ = {isa = PBXBuildFile; productRef = DBB78F69297748A200C76363 /* FirebaseAnalytics */; };
		DBB78F6C297748A200C76363 /* FirebaseAnalyticsSwift in Frameworks */ = {isa = PBXBuildFile; productRef = DBB78F6B297748A200C76363 /* FirebaseAnalyticsSwift */; };
		DBC0A44F297B9BDE00108BC3 /* LoginView.swift in Sources */ = {isa = PBXBuildFile; fileRef = DBC0A44E297B9BDE00108BC3 /* LoginView.swift */; };
		DBD0042B29764D9C007F13F1 /* SearchBar.swift in Sources */ = {isa = PBXBuildFile; fileRef = DBD0042A29764D9C007F13F1 /* SearchBar.swift */; };
		DBE02A4329760A770002A9E0 /* FollowingView.swift in Sources */ = {isa = PBXBuildFile; fileRef = DBE02A4229760A770002A9E0 /* FollowingView.swift */; };
		DBE02A4529760ACB0002A9E0 /* ForYouView.swift in Sources */ = {isa = PBXBuildFile; fileRef = DBE02A4429760ACB0002A9E0 /* ForYouView.swift */; };
		DBE02A4729760AEB0002A9E0 /* TrendingView.swift in Sources */ = {isa = PBXBuildFile; fileRef = DBE02A4629760AEB0002A9E0 /* TrendingView.swift */; };
		DBE02A4929760B380002A9E0 /* ProfileView.swift in Sources */ = {isa = PBXBuildFile; fileRef = DBE02A4829760B380002A9E0 /* ProfileView.swift */; };
		DBE02A4B29760B8D0002A9E0 /* HomePageView.swift in Sources */ = {isa = PBXBuildFile; fileRef = DBE02A4A29760B8D0002A9E0 /* HomePageView.swift */; };
/* End PBXBuildFile section */

/* Begin PBXFileReference section */
		DB15C75329787A1E009E6CBB /* Info.plist */ = {isa = PBXFileReference; lastKnownFileType = text.plist; path = Info.plist; sourceTree = "<group>"; };
		DB15C75429787B01009E6CBB /* secondWorkout.entitlements */ = {isa = PBXFileReference; lastKnownFileType = text.plist.entitlements; path = secondWorkout.entitlements; sourceTree = "<group>"; };
		DB527736296CAE780082060C /* secondWorkout.app */ = {isa = PBXFileReference; explicitFileType = wrapper.application; includeInIndex = 0; path = secondWorkout.app; sourceTree = BUILT_PRODUCTS_DIR; };
		DB527739296CAE780082060C /* secondWorkoutApp.swift */ = {isa = PBXFileReference; lastKnownFileType = sourcecode.swift; path = secondWorkoutApp.swift; sourceTree = "<group>"; };
		DB52773B296CAE780082060C /* ContentView.swift */ = {isa = PBXFileReference; lastKnownFileType = sourcecode.swift; path = ContentView.swift; sourceTree = "<group>"; };
		DB52773D296CAE790082060C /* Assets.xcassets */ = {isa = PBXFileReference; lastKnownFileType = folder.assetcatalog; path = Assets.xcassets; sourceTree = "<group>"; };
		DB527740296CAE790082060C /* Preview Assets.xcassets */ = {isa = PBXFileReference; lastKnownFileType = folder.assetcatalog; path = "Preview Assets.xcassets"; sourceTree = "<group>"; };
		DBB78F662977478900C76363 /* GoogleService-Info.plist */ = {isa = PBXFileReference; fileEncoding = 4; lastKnownFileType = text.plist.xml; name = "GoogleService-Info.plist"; path = "../../../Downloads/GoogleService-Info.plist"; sourceTree = "<group>"; };
		DBC0A44E297B9BDE00108BC3 /* LoginView.swift */ = {isa = PBXFileReference; lastKnownFileType = sourcecode.swift; path = LoginView.swift; sourceTree = "<group>"; };
		DBD0042A29764D9C007F13F1 /* SearchBar.swift */ = {isa = PBXFileReference; lastKnownFileType = sourcecode.swift; path = SearchBar.swift; sourceTree = "<group>"; };
		DBE02A4229760A770002A9E0 /* FollowingView.swift */ = {isa = PBXFileReference; lastKnownFileType = sourcecode.swift; path = FollowingView.swift; sourceTree = "<group>"; };
		DBE02A4429760ACB0002A9E0 /* ForYouView.swift */ = {isa = PBXFileReference; lastKnownFileType = sourcecode.swift; path = ForYouView.swift; sourceTree = "<group>"; };
		DBE02A4629760AEB0002A9E0 /* TrendingView.swift */ = {isa = PBXFileReference; lastKnownFileType = sourcecode.swift; path = TrendingView.swift; sourceTree = "<group>"; };
		DBE02A4829760B380002A9E0 /* ProfileView.swift */ = {isa = PBXFileReference; lastKnownFileType = sourcecode.swift; path = ProfileView.swift; sourceTree = "<group>"; };
		DBE02A4A29760B8D0002A9E0 /* HomePageView.swift */ = {isa = PBXFileReference; lastKnownFileType = sourcecode.swift; path = HomePageView.swift; sourceTree = "<group>"; };
/* End PBXFileReference section */

/* Begin PBXFrameworksBuildPhase section */
		DB527733296CAE780082060C /* Frameworks */ = {
			isa = PBXFrameworksBuildPhase;
			buildActionMask = 2147483647;
			files = (
				DBB78F6C297748A200C76363 /* FirebaseAnalyticsSwift in Frameworks */,
				DBB5F90929784C7D0089AA1E /* FirebaseAuth in Frameworks */,
				DBB78F6A297748A200C76363 /* FirebaseAnalytics in Frameworks */,
			);
			runOnlyForDeploymentPostprocessing = 0;
		};
/* End PBXFrameworksBuildPhase section */

/* Begin PBXGroup section */
		DB52772D296CAE780082060C = {
			isa = PBXGroup;
			children = (
				DB527738296CAE780082060C /* secondWorkout */,
				DB527737296CAE780082060C /* Products */,
				DBB5F90729784C7D0089AA1E /* Frameworks */,
			);
			sourceTree = "<group>";
		};
		DB527737296CAE780082060C /* Products */ = {
			isa = PBXGroup;
			children = (
				DB527736296CAE780082060C /* secondWorkout.app */,
			);
			name = Products;
			sourceTree = "<group>";
		};
		DB527738296CAE780082060C /* secondWorkout */ = {
			isa = PBXGroup;
			children = (
				DB15C75429787B01009E6CBB /* secondWorkout.entitlements */,
				DB527739296CAE780082060C /* secondWorkoutApp.swift */,
				DBC0A44E297B9BDE00108BC3 /* LoginView.swift */,
				DB52773B296CAE780082060C /* ContentView.swift */,
				DBE02A4A29760B8D0002A9E0 /* HomePageView.swift */,
				DBE02A4229760A770002A9E0 /* FollowingView.swift */,
				DBE02A4429760ACB0002A9E0 /* ForYouView.swift */,
				DBE02A4629760AEB0002A9E0 /* TrendingView.swift */,
				DBE02A4829760B380002A9E0 /* ProfileView.swift */,
				DBD0042A29764D9C007F13F1 /* SearchBar.swift */,
				DB52773D296CAE790082060C /* Assets.xcassets */,
				DBB78F662977478900C76363 /* GoogleService-Info.plist */,
				DB15C75329787A1E009E6CBB /* Info.plist */,
				DB52773F296CAE790082060C /* Preview Content */,
			);
			path = secondWorkout;
			sourceTree = "<group>";
		};
		DB52773F296CAE790082060C /* Preview Content */ = {
			isa = PBXGroup;
			children = (
				DB527740296CAE790082060C /* Preview Assets.xcassets */,
			);
			path = "Preview Content";
			sourceTree = "<group>";
		};
		DBB5F90729784C7D0089AA1E /* Frameworks */ = {
			isa = PBXGroup;
			children = (
			);
			name = Frameworks;
			sourceTree = "<group>";
		};
/* End PBXGroup section */

/* Begin PBXNativeTarget section */
		DB527735296CAE780082060C /* secondWorkout */ = {
			isa = PBXNativeTarget;
			buildConfigurationList = DB527744296CAE790082060C /* Build configuration list for PBXNativeTarget "secondWorkout" */;
			buildPhases = (
				DB527732296CAE780082060C /* Sources */,
				DB527733296CAE780082060C /* Frameworks */,
				DB527734296CAE780082060C /* Resources */,
			);
			buildRules = (
			);
			dependencies = (
			);
			name = secondWorkout;
			packageProductDependencies = (
				DBB78F69297748A200C76363 /* FirebaseAnalytics */,
				DBB78F6B297748A200C76363 /* FirebaseAnalyticsSwift */,
				DBB5F90829784C7D0089AA1E /* FirebaseAuth */,
			);
			productName = secondWorkout;
			productReference = DB527736296CAE780082060C /* secondWorkout.app */;
			productType = "com.apple.product-type.application";
		};
/* End PBXNativeTarget section */

/* Begin PBXProject section */
		DB52772E296CAE780082060C /* Project object */ = {
			isa = PBXProject;
			attributes = {
				BuildIndependentTargetsInParallel = 1;
				LastSwiftUpdateCheck = 1410;
				LastUpgradeCheck = 1410;
				TargetAttributes = {
					DB527735296CAE780082060C = {
						CreatedOnToolsVersion = 14.1;
					};
				};
			};
			buildConfigurationList = DB527731296CAE780082060C /* Build configuration list for PBXProject "secondWorkout" */;
			compatibilityVersion = "Xcode 14.0";
			developmentRegion = en;
			hasScannedForEncodings = 0;
			knownRegions = (
				en,
				Base,
			);
			mainGroup = DB52772D296CAE780082060C;
			packageReferences = (
				DBB78F68297748A200C76363 /* XCRemoteSwiftPackageReference "firebase-ios-sdk" */,
			);
			productRefGroup = DB527737296CAE780082060C /* Products */;
			projectDirPath = "";
			projectRoot = "";
			targets = (
				DB527735296CAE780082060C /* secondWorkout */,
			);
		};
/* End PBXProject section */

/* Begin PBXResourcesBuildPhase section */
		DB527734296CAE780082060C /* Resources */ = {
			isa = PBXResourcesBuildPhase;
			buildActionMask = 2147483647;
			files = (
				DB527741296CAE790082060C /* Preview Assets.xcassets in Resources */,
				DB52773E296CAE790082060C /* Assets.xcassets in Resources */,
				DBB78F672977478900C76363 /* GoogleService-Info.plist in Resources */,
			);
			runOnlyForDeploymentPostprocessing = 0;
		};
/* End PBXResourcesBuildPhase section */

/* Begin PBXSourcesBuildPhase section */
		DB527732296CAE780082060C /* Sources */ = {
			isa = PBXSourcesBuildPhase;
			buildActionMask = 2147483647;
			files = (
				DB52773C296CAE780082060C /* ContentView.swift in Sources */,
				DBE02A4329760A770002A9E0 /* FollowingView.swift in Sources */,
				DBE02A4729760AEB0002A9E0 /* TrendingView.swift in Sources */,
				DBC0A44F297B9BDE00108BC3 /* LoginView.swift in Sources */,
				DBE02A4529760ACB0002A9E0 /* ForYouView.swift in Sources */,
				DBE02A4929760B380002A9E0 /* ProfileView.swift in Sources */,
				DBD0042B29764D9C007F13F1 /* SearchBar.swift in Sources */,
				DBE02A4B29760B8D0002A9E0 /* HomePageView.swift in Sources */,
				DB52773A296CAE780082060C /* secondWorkoutApp.swift in Sources */,
			);
			runOnlyForDeploymentPostprocessing = 0;
		};
/* End PBXSourcesBuildPhase section */

/* Begin XCBuildConfiguration section */
		DB527742296CAE790082060C /* Debug */ = {
			isa = XCBuildConfiguration;
			buildSettings = {
				ALWAYS_SEARCH_USER_PATHS = NO;
				CLANG_ANALYZER_NONNULL = YES;
				CLANG_ANALYZER_NUMBER_OBJECT_CONVERSION = YES_AGGRESSIVE;
				CLANG_CXX_LANGUAGE_STANDARD = "gnu++20";
				CLANG_ENABLE_MODULES = YES;
				CLANG_ENABLE_OBJC_ARC = YES;
				CLANG_ENABLE_OBJC_WEAK = YES;
				CLANG_WARN_BLOCK_CAPTURE_AUTORELEASING = YES;
				CLANG_WARN_BOOL_CONVERSION = YES;
				CLANG_WARN_COMMA = YES;
				CLANG_WARN_CONSTANT_CONVERSION = YES;
				CLANG_WARN_DEPRECATED_OBJC_IMPLEMENTATIONS = YES;
				CLANG_WARN_DIRECT_OBJC_ISA_USAGE = YES_ERROR;
				CLANG_WARN_DOCUMENTATION_COMMENTS = YES;
				CLANG_WARN_EMPTY_BODY = YES;
				CLANG_WARN_ENUM_CONVERSION = YES;
				CLANG_WARN_INFINITE_RECURSION = YES;
				CLANG_WARN_INT_CONVERSION = YES;
				CLANG_WARN_NON_LITERAL_NULL_CONVERSION = YES;
				CLANG_WARN_OBJC_IMPLICIT_RETAIN_SELF = YES;
				CLANG_WARN_OBJC_LITERAL_CONVERSION = YES;
				CLANG_WARN_OBJC_ROOT_CLASS = YES_ERROR;
				CLANG_WARN_QUOTED_INCLUDE_IN_FRAMEWORK_HEADER = YES;
				CLANG_WARN_RANGE_LOOP_ANALYSIS = YES;
				CLANG_WARN_STRICT_PROTOTYPES = YES;
				CLANG_WARN_SUSPICIOUS_MOVE = YES;
				CLANG_WARN_UNGUARDED_AVAILABILITY = YES_AGGRESSIVE;
				CLANG_WARN_UNREACHABLE_CODE = YES;
				CLANG_WARN__DUPLICATE_METHOD_MATCH = YES;
				COPY_PHASE_STRIP = NO;
				DEBUG_INFORMATION_FORMAT = dwarf;
				ENABLE_STRICT_OBJC_MSGSEND = YES;
				ENABLE_TESTABILITY = YES;
				GCC_C_LANGUAGE_STANDARD = gnu11;
				GCC_DYNAMIC_NO_PIC = NO;
				GCC_NO_COMMON_BLOCKS = YES;
				GCC_OPTIMIZATION_LEVEL = 0;
				GCC_PREPROCESSOR_DEFINITIONS = (
					"DEBUG=1",
					"$(inherited)",
				);
				GCC_WARN_64_TO_32_BIT_CONVERSION = YES;
				GCC_WARN_ABOUT_RETURN_TYPE = YES_ERROR;
				GCC_WARN_UNDECLARED_SELECTOR = YES;
				GCC_WARN_UNINITIALIZED_AUTOS = YES_AGGRESSIVE;
				GCC_WARN_UNUSED_FUNCTION = YES;
				GCC_WARN_UNUSED_VARIABLE = YES;
				IPHONEOS_DEPLOYMENT_TARGET = 16.1;
				MTL_ENABLE_DEBUG_INFO = INCLUDE_SOURCE;
				MTL_FAST_MATH = YES;
				ONLY_ACTIVE_ARCH = YES;
				SDKROOT = iphoneos;
				SWIFT_ACTIVE_COMPILATION_CONDITIONS = DEBUG;
				SWIFT_OPTIMIZATION_LEVEL = "-Onone";
			};
			name = Debug;
		};
		DB527743296CAE790082060C /* Release */ = {
			isa = XCBuildConfiguration;
			buildSettings = {
				ALWAYS_SEARCH_USER_PATHS = NO;
				CLANG_ANALYZER_NONNULL = YES;
				CLANG_ANALYZER_NUMBER_OBJECT_CONVERSION = YES_AGGRESSIVE;
				CLANG_CXX_LANGUAGE_STANDARD = "gnu++20";
				CLANG_ENABLE_MODULES = YES;
				CLANG_ENABLE_OBJC_ARC = YES;
				CLANG_ENABLE_OBJC_WEAK = YES;
				CLANG_WARN_BLOCK_CAPTURE_AUTORELEASING = YES;
				CLANG_WARN_BOOL_CONVERSION = YES;
				CLANG_WARN_COMMA = YES;
				CLANG_WARN_CONSTANT_CONVERSION = YES;
				CLANG_WARN_DEPRECATED_OBJC_IMPLEMENTATIONS = YES;
				CLANG_WARN_DIRECT_OBJC_ISA_USAGE = YES_ERROR;
				CLANG_WARN_DOCUMENTATION_COMMENTS = YES;
				CLANG_WARN_EMPTY_BODY = YES;
				CLANG_WARN_ENUM_CONVERSION = YES;
				CLANG_WARN_INFINITE_RECURSION = YES;
				CLANG_WARN_INT_CONVERSION = YES;
				CLANG_WARN_NON_LITERAL_NULL_CONVERSION = YES;
				CLANG_WARN_OBJC_IMPLICIT_RETAIN_SELF = YES;
				CLANG_WARN_OBJC_LITERAL_CONVERSION = YES;
				CLANG_WARN_OBJC_ROOT_CLASS = YES_ERROR;
				CLANG_WARN_QUOTED_INCLUDE_IN_FRAMEWORK_HEADER = YES;
				CLANG_WARN_RANGE_LOOP_ANALYSIS = YES;
				CLANG_WARN_STRICT_PROTOTYPES = YES;
				CLANG_WARN_SUSPICIOUS_MOVE = YES;
				CLANG_WARN_UNGUARDED_AVAILABILITY = YES_AGGRESSIVE;
				CLANG_WARN_UNREACHABLE_CODE = YES;
				CLANG_WARN__DUPLICATE_METHOD_MATCH = YES;
				COPY_PHASE_STRIP = NO;
				DEBUG_INFORMATION_FORMAT = "dwarf-with-dsym";
				ENABLE_NS_ASSERTIONS = NO;
				ENABLE_STRICT_OBJC_MSGSEND = YES;
				GCC_C_LANGUAGE_STANDARD = gnu11;
				GCC_NO_COMMON_BLOCKS = YES;
				GCC_WARN_64_TO_32_BIT_CONVERSION = YES;
				GCC_WARN_ABOUT_RETURN_TYPE = YES_ERROR;
				GCC_WARN_UNDECLARED_SELECTOR = YES;
				GCC_WARN_UNINITIALIZED_AUTOS = YES_AGGRESSIVE;
				GCC_WARN_UNUSED_FUNCTION = YES;
				GCC_WARN_UNUSED_VARIABLE = YES;
				IPHONEOS_DEPLOYMENT_TARGET = 16.1;
				MTL_ENABLE_DEBUG_INFO = NO;
				MTL_FAST_MATH = YES;
				SDKROOT = iphoneos;
				SWIFT_COMPILATION_MODE = wholemodule;
				SWIFT_OPTIMIZATION_LEVEL = "-O";
				VALIDATE_PRODUCT = YES;
			};
			name = Release;
		};
		DB527745296CAE790082060C /* Debug */ = {
			isa = XCBuildConfiguration;
			buildSettings = {
				ASSETCATALOG_COMPILER_APPICON_NAME = AppIcon;
				ASSETCATALOG_COMPILER_GLOBAL_ACCENT_COLOR_NAME = AccentColor;
				CODE_SIGN_ENTITLEMENTS = secondWorkout/secondWorkout.entitlements;
				CODE_SIGN_STYLE = Automatic;
				CURRENT_PROJECT_VERSION = 1;
				DEVELOPMENT_ASSET_PATHS = "\"secondWorkout/Preview Content\"";
				DEVELOPMENT_TEAM = 6423N6KVQ8;
				ENABLE_PREVIEWS = YES;
				GENERATE_INFOPLIST_FILE = YES;
				INFOPLIST_FILE = secondWorkout/Info.plist;
				INFOPLIST_KEY_UIApplicationSceneManifest_Generation = YES;
				INFOPLIST_KEY_UIApplicationSupportsIndirectInputEvents = YES;
				INFOPLIST_KEY_UILaunchScreen_Generation = YES;
				INFOPLIST_KEY_UISupportedInterfaceOrientations_iPad = "UIInterfaceOrientationPortrait UIInterfaceOrientationPortraitUpsideDown UIInterfaceOrientationLandscapeLeft UIInterfaceOrientationLandscapeRight";
				INFOPLIST_KEY_UISupportedInterfaceOrientations_iPhone = "UIInterfaceOrientationPortrait UIInterfaceOrientationLandscapeLeft UIInterfaceOrientationLandscapeRight";
				LD_RUNPATH_SEARCH_PATHS = (
					"$(inherited)",
					"@executable_path/Frameworks",
				);
				MARKETING_VERSION = 1.0;
				PRODUCT_BUNDLE_IDENTIFIER = com.avantgardecohortllc.fitnessapp;
				PRODUCT_NAME = "$(TARGET_NAME)";
				SWIFT_EMIT_LOC_STRINGS = YES;
				SWIFT_VERSION = 5.0;
				TARGETED_DEVICE_FAMILY = "1,2";
			};
			name = Debug;
		};
		DB527746296CAE790082060C /* Release */ = {
			isa = XCBuildConfiguration;
			buildSettings = {
				ASSETCATALOG_COMPILER_APPICON_NAME = AppIcon;
				ASSETCATALOG_COMPILER_GLOBAL_ACCENT_COLOR_NAME = AccentColor;
				CODE_SIGN_ENTITLEMENTS = secondWorkout/secondWorkout.entitlements;
				CODE_SIGN_STYLE = Automatic;
				CURRENT_PROJECT_VERSION = 1;
				DEVELOPMENT_ASSET_PATHS = "\"secondWorkout/Preview Content\"";
				DEVELOPMENT_TEAM = "";
				ENABLE_PREVIEWS = YES;
				GENERATE_INFOPLIST_FILE = YES;
				INFOPLIST_FILE = secondWorkout/Info.plist;
				INFOPLIST_KEY_UIApplicationSceneManifest_Generation = YES;
				INFOPLIST_KEY_UIApplicationSupportsIndirectInputEvents = YES;
				INFOPLIST_KEY_UILaunchScreen_Generation = YES;
				INFOPLIST_KEY_UISupportedInterfaceOrientations_iPad = "UIInterfaceOrientationPortrait UIInterfaceOrientationPortraitUpsideDown UIInterfaceOrientationLandscapeLeft UIInterfaceOrientationLandscapeRight";
				INFOPLIST_KEY_UISupportedInterfaceOrientations_iPhone = "UIInterfaceOrientationPortrait UIInterfaceOrientationLandscapeLeft UIInterfaceOrientationLandscapeRight";
				LD_RUNPATH_SEARCH_PATHS = (
					"$(inherited)",
					"@executable_path/Frameworks",
				);
				MARKETING_VERSION = 1.0;
				PRODUCT_BUNDLE_IDENTIFIER = Com.ChristopherValle.secondWorkout;
				PRODUCT_NAME = "$(TARGET_NAME)";
				SWIFT_EMIT_LOC_STRINGS = YES;
				SWIFT_VERSION = 5.0;
				TARGETED_DEVICE_FAMILY = "1,2";
			};
			name = Release;
		};
/* End XCBuildConfiguration section */

/* Begin XCConfigurationList section */
		DB527731296CAE780082060C /* Build configuration list for PBXProject "secondWorkout" */ = {
			isa = XCConfigurationList;
			buildConfigurations = (
				DB527742296CAE790082060C /* Debug */,
				DB527743296CAE790082060C /* Release */,
			);
			defaultConfigurationIsVisible = 0;
			defaultConfigurationName = Release;
		};
		DB527744296CAE790082060C /* Build configuration list for PBXNativeTarget "secondWorkout" */ = {
			isa = XCConfigurationList;
			buildConfigurations = (
				DB527745296CAE790082060C /* Debug */,
				DB527746296CAE790082060C /* Release */,
			);
			defaultConfigurationIsVisible = 0;
			defaultConfigurationName = Release;
		};
/* End XCConfigurationList section */

/* Begin XCRemoteSwiftPackageReference section */
		DBB78F68297748A200C76363 /* XCRemoteSwiftPackageReference "firebase-ios-sdk" */ = {
			isa = XCRemoteSwiftPackageReference;
			repositoryURL = "https://github.com/firebase/firebase-ios-sdk";
			requirement = {
				kind = upToNextMajorVersion;
				minimumVersion = 9.0.0;
			};
		};
/* End XCRemoteSwiftPackageReference section */

/* Begin XCSwiftPackageProductDependency section */
		DBB5F90829784C7D0089AA1E /* FirebaseAuth */ = {
			isa = XCSwiftPackageProductDependency;
			package = DBB78F68297748A200C76363 /* XCRemoteSwiftPackageReference "firebase-ios-sdk" */;
			productName = FirebaseAuth;
		};
		DBB78F69297748A200C76363 /* FirebaseAnalytics */ = {
			isa = XCSwiftPackageProductDependency;
			package = DBB78F68297748A200C76363 /* XCRemoteSwiftPackageReference "firebase-ios-sdk" */;
			productName = FirebaseAnalytics;
		};
		DBB78F6B297748A200C76363 /* FirebaseAnalyticsSwift */ = {
			isa = XCSwiftPackageProductDependency;
			package = DBB78F68297748A200C76363 /* XCRemoteSwiftPackageReference "firebase-ios-sdk" */;
			productName = FirebaseAnalyticsSwift;
		};
/* End XCSwiftPackageProductDependency section */
	};
	rootObject = DB52772E296CAE780082060C /* Project object */;
}
